github.com/pmezard/go-difflib v1.0.0 h1:4DBwDE0NGyQoBHbLQYPwSUPoCMWR5BEzIk/f1lZbAQM=
github.com/pmezard/go-difflib v1.0.0/go.mod h1:iKH77koFhYxTK1pcRnkKkqfTogsbg7gZNVY4sRDYZ/4=
github.com/veggiemonk/embedmd v0.0.0-20260413140645-2de10c3e2b97 h1:PgCLahNT7yMR5FKbkbODQ7QBeB9ozPD4Ncppn814T7k=
github.com/veggiemonk/embedmd v0.0.0-20260413140645-2de10c3e2b97/go.mod h1:c6/gvDkurvGF85MeaJty6/vkzee+LEVry8lnTN1BUiA=
